
Microsoft Visual Studio Solution File, Format Version 12.00
# Visual Studio Version 17
VisualStudioVersion = 17.7.34024.191
MinimumVisualStudioVersion = 10.0.40219.1
Project("{FAE04EC0-301F-11D3-BF4B-00C04F79EFBC}") = "connect", "connect.csproj", "{4E6A61E0-C3CD-4F62-AD88-C209E18CFEB2}"
EndProject
Global
	GlobalSection(SolutionConfigurationPlatforms) = preSolution
		Debug|Any CPU = Debug|Any CPU
		Release|Any CPU = Release|Any CPU
	EndGlobalSection
	GlobalSection(ProjectConfigurationPlatforms) = postSolution
		{4E6A61E0-C3CD-4F62-AD88-C209E18CFEB2}.Debug|Any CPU.ActiveCfg = Debug|Any CPU
		{4E6A61E0-C3CD-4F62-AD88-C209E18CFEB2}.Debug|Any CPU.Build.0 = Debug|Any CPU
		{4E6A61E0-C3CD-4F62-AD88-C209E18CFEB2}.Release|Any CPU.ActiveCfg = Release|Any CPU
		{4E6A61E0-C3CD-4F62-AD88-C209E18CFEB2}.Release|Any CPU.Build.0 = Release|Any CPU
	EndGlobalSection
	GlobalSection(SolutionProperties) = preSolution
		HideSolutionNode = FALSE
	EndGlobalSection
	GlobalSection(ExtensibilityGlobals) = postSolution
		SolutionGuid = {D50EB4B4-57E5-4B06-83B0-6BD0AEFEE478}
	EndGlobalSection
EndGlobal
